
Microsoft Visual Studio Solution File, Format Version 12.00
# Visual Studio Version 16
VisualStudioVersion = 16.0.30330.147
MinimumVisualStudioVersion = 10.0.40219.1
Project("{FAE04EC0-301F-11D3-BF4B-00C04F79EFBC}") = "Sandbox_Scryer", "Sandbox_Scryer.csproj", "{B10C085F-9C8F-4C46-81A9-58DED6B0CD4C}"
EndProject
Global
	GlobalSection(SolutionConfigurationPlatforms) = preSolution
		Debug|Any CPU = Debug|Any CPU
		Release|Any CPU = Release|Any CPU
	EndGlobalSection
	GlobalSection(ProjectConfigurationPlatforms) = postSolution
		{B10C085F-9C8F-4C46-81A9-58DED6B0CD4C}.Debug|Any CPU.ActiveCfg = Debug|Any CPU
		{B10C085F-9C8F-4C46-81A9-58DED6B0CD4C}.Debug|Any CPU.Build.0 = Debug|Any CPU
		{B10C085F-9C8F-4C46-81A9-58DED6B0CD4C}.Release|Any CPU.ActiveCfg = Release|Any CPU
		{B10C085F-9C8F-4C46-81A9-58DED6B0CD4C}.Release|Any CPU.Build.0 = Release|Any CPU
	EndGlobalSection
	GlobalSection(SolutionProperties) = preSolution
		HideSolutionNode = FALSE
	EndGlobalSection
	GlobalSection(ExtensibilityGlobals) = postSolution
		SolutionGuid = {E54B46D8-0F6F-48E2-ADA6-42E12AD1105C}
	EndGlobalSection
EndGlobal
